{
  "version": 4,
  "terraform_version": "1.5.5",
  "serial": 14,
  "lineage": "74741374-8de3-1944-e9af-84fb5b0a6497",
  "outputs": {},
  "resources": [
    {
      "mode": "managed",
      "type": "linode_instance",
      "name": "web",
      "provider": "provider[\"registry.terraform.io/linode/linode\"]",
      "instances": [
        {
          "index_key": 0,
          "schema_version": 0,
          "attributes": {
            "alerts": [
              {
                "cpu": 90,
                "io": 10000,
                "network_in": 10,
                "network_out": 10,
                "transfer_quota": 80
              }
            ],
            "authorized_keys": [
              "ssh-rsa AAAAB3NzaC1yc2EAAAADAQABAAABgQDNIBcXFyeB8/CIMQIoKqjryiP6T8ieh9kn/ePheQJ2rlaLqYFYhnybFujhW5rZNsi6AhZLaHydVJFK311XH9tXb3Qjp9I6DXt89Gx9mgRGp1GxB+eyRsU44onZ32Te+7hf92cTIozlmip/65Lx5roU/EbBIuXvxBfTxQ8uHQDYudUCfAIqWtYW9Mt6PLX47jWCf2PftMbVX1G+YHSJcCReqTKJBP+rny5E54ejKusMdBNdF8pV9L6AiYbx0KkNITF6G4rxs1/M9Kr4E8aijSg20oaQPoMAVJJ8OTnTyG90ZIUNdPLn4MWY+lzsaXR8vi9LP6BCOsYjbNixkipT03x58sOYbqP9AqGDurM3GnAffJ3u+B7cGiKcy2FGm9q4bp/JDi+SUiwvulUBNWCgDJln8ehBdnphgnHiTOV3/PBTt2fYpRe2tvJHhlsPFXXekNNSw1R633Fp3b8pHLzAhmVpeUJnXSjtTlwVQN3enU1IVzYddtyktLeYPG2p4bCJI98= hcacker@parrot"
            ],
            "authorized_users": null,
            "backup_id": null,
            "backups": [
              {
                "available": false,
                "enabled": false,
                "schedule": [
                  {
                    "day": "",
                    "window": ""
                  }
                ]
              }
            ],
            "backups_enabled": false,
            "boot_config_label": "My Ubuntu 18.04 LTS Disk Profile",
            "booted": true,
            "config": [
              {
                "comments": "",
                "devices": [
                  {
                    "sda": [
                      {
                        "disk_id": 103293975,
                        "disk_label": "Ubuntu 18.04 LTS Disk",
                        "volume_id": 0
                      }
                    ],
                    "sdb": [
                      {
                        "disk_id": 103293976,
                        "disk_label": "512 MB Swap Image",
                        "volume_id": 0
                      }
                    ],
                    "sdc": [],
                    "sdd": [],
                    "sde": [],
                    "sdf": [],
                    "sdg": [],
                    "sdh": []
                  }
                ],
                "helpers": [
                  {
                    "devtmpfs_automount": true,
                    "distro": true,
                    "modules_dep": true,
                    "network": true,
                    "updatedb_disabled": true
                  }
                ],
                "interface": [],
                "kernel": "linode/grub2",
                "label": "My Ubuntu 18.04 LTS Disk Profile",
                "memory_limit": 0,
                "root_device": "/dev/sda",
                "run_level": "default",
                "virt_mode": "paravirt"
              }
            ],
            "disk": [
              {
                "authorized_keys": [],
                "authorized_users": [],
                "filesystem": "ext4",
                "id": 103293975,
                "image": "",
                "label": "Ubuntu 18.04 LTS Disk",
                "read_only": false,
                "root_pass": "",
                "size": 25088,
                "stackscript_data": {},
                "stackscript_id": 0
              },
              {
                "authorized_keys": [],
                "authorized_users": [],
                "filesystem": "swap",
                "id": 103293976,
                "image": "",
                "label": "512 MB Swap Image",
                "read_only": false,
                "root_pass": "",
                "size": 512,
                "stackscript_data": {},
                "stackscript_id": 0
              }
            ],
            "group": "subfinders",
            "has_user_data": false,
            "host_uuid": "0d0efe1de23b3222133224170bc4cf781af4bba3",
            "id": "52063706",
            "image": "linode/ubuntu18.04",
            "interface": [],
            "ip_address": "45.56.101.160",
            "ipv4": [
              "45.56.101.160"
            ],
            "ipv6": "2600:3c03::f03c:93ff:feb0:4ac8/128",
            "label": "subfinders-0",
            "metadata": [],
            "private_ip": false,
            "private_ip_address": null,
            "region": "us-east",
            "resize_disk": false,
            "root_pass": "s8dIX/GvurtfTItLBO5A7XDsNGX8Oag+4m1XEgq/zLYoagPBpWPa/O20Jl2J+XqbarQsdHLIv5wmLFxGv/1yrA==",
            "shared_ipv4": [],
            "specs": [
              {
                "disk": 25600,
                "memory": 1024,
                "transfer": 1000,
                "vcpus": 1
              }
            ],
            "stackscript_data": null,
            "stackscript_id": null,
            "status": "running",
            "swap_size": 512,
            "tags": [
              "subfinders"
            ],
            "timeouts": null,
            "type": "g6-nanode-1",
            "watchdog_enabled": true
          },
          "sensitive_attributes": [
            [
              {
                "type": "get_attr",
                "value": "authorized_keys"
              },
              {
                "type": "index",
                "value": {
                  "value": 0,
                  "type": "number"
                }
              }
            ],
            [
              {
                "type": "get_attr",
                "value": "root_pass"
              }
            ]
          ],
          "private": "eyJlMmJmYjczMC1lY2FhLTExZTYtOGY4OC0zNDM2M2JjN2M0YzAiOnsiY3JlYXRlIjo5MDAwMDAwMDAwMDAsImRlbGV0ZSI6NjAwMDAwMDAwMDAwLCJ1cGRhdGUiOjE1MDAwMDAwMDAwMDB9fQ=="
        },
        {
          "index_key": 1,
          "schema_version": 0,
          "attributes": {
            "alerts": [
              {
                "cpu": 90,
                "io": 10000,
                "network_in": 10,
                "network_out": 10,
                "transfer_quota": 80
              }
            ],
            "authorized_keys": [
              "ssh-rsa AAAAB3NzaC1yc2EAAAADAQABAAABgQDNIBcXFyeB8/CIMQIoKqjryiP6T8ieh9kn/ePheQJ2rlaLqYFYhnybFujhW5rZNsi6AhZLaHydVJFK311XH9tXb3Qjp9I6DXt89Gx9mgRGp1GxB+eyRsU44onZ32Te+7hf92cTIozlmip/65Lx5roU/EbBIuXvxBfTxQ8uHQDYudUCfAIqWtYW9Mt6PLX47jWCf2PftMbVX1G+YHSJcCReqTKJBP+rny5E54ejKusMdBNdF8pV9L6AiYbx0KkNITF6G4rxs1/M9Kr4E8aijSg20oaQPoMAVJJ8OTnTyG90ZIUNdPLn4MWY+lzsaXR8vi9LP6BCOsYjbNixkipT03x58sOYbqP9AqGDurM3GnAffJ3u+B7cGiKcy2FGm9q4bp/JDi+SUiwvulUBNWCgDJln8ehBdnphgnHiTOV3/PBTt2fYpRe2tvJHhlsPFXXekNNSw1R633Fp3b8pHLzAhmVpeUJnXSjtTlwVQN3enU1IVzYddtyktLeYPG2p4bCJI98= hcacker@parrot"
            ],
            "authorized_users": null,
            "backup_id": null,
            "backups": [
              {
                "available": false,
                "enabled": false,
                "schedule": [
                  {
                    "day": "",
                    "window": ""
                  }
                ]
              }
            ],
            "backups_enabled": false,
            "boot_config_label": "My Ubuntu 18.04 LTS Disk Profile",
            "booted": true,
            "config": [
              {
                "comments": "",
                "devices": [
                  {
                    "sda": [
                      {
                        "disk_id": 103293969,
                        "disk_label": "Ubuntu 18.04 LTS Disk",
                        "volume_id": 0
                      }
                    ],
                    "sdb": [
                      {
                        "disk_id": 103293970,
                        "disk_label": "512 MB Swap Image",
                        "volume_id": 0
                      }
                    ],
                    "sdc": [],
                    "sdd": [],
                    "sde": [],
                    "sdf": [],
                    "sdg": [],
                    "sdh": []
                  }
                ],
                "helpers": [
                  {
                    "devtmpfs_automount": true,
                    "distro": true,
                    "modules_dep": true,
                    "network": true,
                    "updatedb_disabled": true
                  }
                ],
                "interface": [],
                "kernel": "linode/grub2",
                "label": "My Ubuntu 18.04 LTS Disk Profile",
                "memory_limit": 0,
                "root_device": "/dev/sda",
                "run_level": "default",
                "virt_mode": "paravirt"
              }
            ],
            "disk": [
              {
                "authorized_keys": [],
                "authorized_users": [],
                "filesystem": "ext4",
                "id": 103293969,
                "image": "",
                "label": "Ubuntu 18.04 LTS Disk",
                "read_only": false,
                "root_pass": "",
                "size": 25088,
                "stackscript_data": {},
                "stackscript_id": 0
              },
              {
                "authorized_keys": [],
                "authorized_users": [],
                "filesystem": "swap",
                "id": 103293970,
                "image": "",
                "label": "512 MB Swap Image",
                "read_only": false,
                "root_pass": "",
                "size": 512,
                "stackscript_data": {},
                "stackscript_id": 0
              }
            ],
            "group": "subfinders",
            "has_user_data": false,
            "host_uuid": "d9775a040bfa6bc78d6b4f396b9eea48c200c138",
            "id": "52063703",
            "image": "linode/ubuntu18.04",
            "interface": [],
            "ip_address": "45.56.101.5",
            "ipv4": [
              "45.56.101.5"
            ],
            "ipv6": "2600:3c03::f03c:93ff:feb0:4ae4/128",
            "label": "subfinders-1",
            "metadata": [],
            "private_ip": false,
            "private_ip_address": null,
            "region": "us-east",
            "resize_disk": false,
            "root_pass": "s8dIX/GvurtfTItLBO5A7XDsNGX8Oag+4m1XEgq/zLYoagPBpWPa/O20Jl2J+XqbarQsdHLIv5wmLFxGv/1yrA==",
            "shared_ipv4": [],
            "specs": [
              {
                "disk": 25600,
                "memory": 1024,
                "transfer": 1000,
                "vcpus": 1
              }
            ],
            "stackscript_data": null,
            "stackscript_id": null,
            "status": "running",
            "swap_size": 512,
            "tags": [
              "subfinders"
            ],
            "timeouts": null,
            "type": "g6-nanode-1",
            "watchdog_enabled": true
          },
          "sensitive_attributes": [
            [
              {
                "type": "get_attr",
                "value": "authorized_keys"
              },
              {
                "type": "index",
                "value": {
                  "value": 0,
                  "type": "number"
                }
              }
            ],
            [
              {
                "type": "get_attr",
                "value": "root_pass"
              }
            ]
          ],
          "private": "eyJlMmJmYjczMC1lY2FhLTExZTYtOGY4OC0zNDM2M2JjN2M0YzAiOnsiY3JlYXRlIjo5MDAwMDAwMDAwMDAsImRlbGV0ZSI6NjAwMDAwMDAwMDAwLCJ1cGRhdGUiOjE1MDAwMDAwMDAwMDB9fQ=="
        }
      ]
    },
    {
      "mode": "managed",
      "type": "linode_instance",
      "name": "web2",
      "provider": "provider[\"registry.terraform.io/linode/linode\"]",
      "instances": [
        {
          "schema_version": 0,
          "attributes": {
            "alerts": [
              {
                "cpu": 90,
                "io": 10000,
                "network_in": 10,
                "network_out": 10,
                "transfer_quota": 80
              }
            ],
            "authorized_keys": [
              "ssh-rsa AAAAB3NzaC1yc2EAAAADAQABAAABgQDNIBcXFyeB8/CIMQIoKqjryiP6T8ieh9kn/ePheQJ2rlaLqYFYhnybFujhW5rZNsi6AhZLaHydVJFK311XH9tXb3Qjp9I6DXt89Gx9mgRGp1GxB+eyRsU44onZ32Te+7hf92cTIozlmip/65Lx5roU/EbBIuXvxBfTxQ8uHQDYudUCfAIqWtYW9Mt6PLX47jWCf2PftMbVX1G+YHSJcCReqTKJBP+rny5E54ejKusMdBNdF8pV9L6AiYbx0KkNITF6G4rxs1/M9Kr4E8aijSg20oaQPoMAVJJ8OTnTyG90ZIUNdPLn4MWY+lzsaXR8vi9LP6BCOsYjbNixkipT03x58sOYbqP9AqGDurM3GnAffJ3u+B7cGiKcy2FGm9q4bp/JDi+SUiwvulUBNWCgDJln8ehBdnphgnHiTOV3/PBTt2fYpRe2tvJHhlsPFXXekNNSw1R633Fp3b8pHLzAhmVpeUJnXSjtTlwVQN3enU1IVzYddtyktLeYPG2p4bCJI98= hcacker@parrot"
            ],
            "authorized_users": null,
            "backup_id": null,
            "backups": [
              {
                "available": false,
                "enabled": false,
                "schedule": [
                  {
                    "day": "",
                    "window": ""
                  }
                ]
              }
            ],
            "backups_enabled": false,
            "boot_config_label": "My Ubuntu 18.04 LTS Disk Profile",
            "booted": true,
            "config": [
              {
                "comments": "",
                "devices": [
                  {
                    "sda": [
                      {
                        "disk_id": 103293965,
                        "disk_label": "Ubuntu 18.04 LTS Disk",
                        "volume_id": 0
                      }
                    ],
                    "sdb": [
                      {
                        "disk_id": 103293966,
                        "disk_label": "512 MB Swap Image",
                        "volume_id": 0
                      }
                    ],
                    "sdc": [],
                    "sdd": [],
                    "sde": [],
                    "sdf": [],
                    "sdg": [],
                    "sdh": []
                  }
                ],
                "helpers": [
                  {
                    "devtmpfs_automount": true,
                    "distro": true,
                    "modules_dep": true,
                    "network": true,
                    "updatedb_disabled": true
                  }
                ],
                "interface": [],
                "kernel": "linode/grub2",
                "label": "My Ubuntu 18.04 LTS Disk Profile",
                "memory_limit": 0,
                "root_device": "/dev/sda",
                "run_level": "default",
                "virt_mode": "paravirt"
              }
            ],
            "disk": [
              {
                "authorized_keys": [],
                "authorized_users": [],
                "filesystem": "ext4",
                "id": 103293965,
                "image": "",
                "label": "Ubuntu 18.04 LTS Disk",
                "read_only": false,
                "root_pass": "",
                "size": 25088,
                "stackscript_data": {},
                "stackscript_id": 0
              },
              {
                "authorized_keys": [],
                "authorized_users": [],
                "filesystem": "swap",
                "id": 103293966,
                "image": "",
                "label": "512 MB Swap Image",
                "read_only": false,
                "root_pass": "",
                "size": 512,
                "stackscript_data": {},
                "stackscript_id": 0
              }
            ],
            "group": "directoryfinders",
            "has_user_data": false,
            "host_uuid": "8e1c3f1d1b2397b2a9c3f42f8d15ee2d8b368548",
            "id": "52063702",
            "image": "linode/ubuntu18.04",
            "interface": [],
            "ip_address": "45.56.101.4",
            "ipv4": [
              "45.56.101.4"
            ],
            "ipv6": "2600:3c03::f03c:93ff:feb0:4ab8/128",
            "label": "directoryfinders",
            "metadata": [],
            "private_ip": false,
            "private_ip_address": null,
            "region": "us-east",
            "resize_disk": false,
            "root_pass": "s8dIX/GvurtfTItLBO5A7XDsNGX8Oag+4m1XEgq/zLYoagPBpWPa/O20Jl2J+XqbarQsdHLIv5wmLFxGv/1yrA==",
            "shared_ipv4": [],
            "specs": [
              {
                "disk": 25600,
                "memory": 1024,
                "transfer": 1000,
                "vcpus": 1
              }
            ],
            "stackscript_data": null,
            "stackscript_id": null,
            "status": "running",
            "swap_size": 512,
            "tags": [
              "directoryfinders"
            ],
            "timeouts": null,
            "type": "g6-nanode-1",
            "watchdog_enabled": true
          },
          "sensitive_attributes": [
            [
              {
                "type": "get_attr",
                "value": "root_pass"
              }
            ],
            [
              {
                "type": "get_attr",
                "value": "authorized_keys"
              },
              {
                "type": "index",
                "value": {
                  "value": 0,
                  "type": "number"
                }
              }
            ]
          ],
          "private": "eyJlMmJmYjczMC1lY2FhLTExZTYtOGY4OC0zNDM2M2JjN2M0YzAiOnsiY3JlYXRlIjo5MDAwMDAwMDAwMDAsImRlbGV0ZSI6NjAwMDAwMDAwMDAwLCJ1cGRhdGUiOjE1MDAwMDAwMDAwMDB9fQ=="
        }
      ]
    },
    {
      "mode": "managed",
      "type": "linode_instance",
      "name": "web3",
      "provider": "provider[\"registry.terraform.io/linode/linode\"]",
      "instances": [
        {
          "index_key": 0,
          "schema_version": 0,
          "attributes": {
            "alerts": [
              {
                "cpu": 90,
                "io": 10000,
                "network_in": 10,
                "network_out": 10,
                "transfer_quota": 80
              }
            ],
            "authorized_keys": [
              "ssh-rsa AAAAB3NzaC1yc2EAAAADAQABAAABgQDNIBcXFyeB8/CIMQIoKqjryiP6T8ieh9kn/ePheQJ2rlaLqYFYhnybFujhW5rZNsi6AhZLaHydVJFK311XH9tXb3Qjp9I6DXt89Gx9mgRGp1GxB+eyRsU44onZ32Te+7hf92cTIozlmip/65Lx5roU/EbBIuXvxBfTxQ8uHQDYudUCfAIqWtYW9Mt6PLX47jWCf2PftMbVX1G+YHSJcCReqTKJBP+rny5E54ejKusMdBNdF8pV9L6AiYbx0KkNITF6G4rxs1/M9Kr4E8aijSg20oaQPoMAVJJ8OTnTyG90ZIUNdPLn4MWY+lzsaXR8vi9LP6BCOsYjbNixkipT03x58sOYbqP9AqGDurM3GnAffJ3u+B7cGiKcy2FGm9q4bp/JDi+SUiwvulUBNWCgDJln8ehBdnphgnHiTOV3/PBTt2fYpRe2tvJHhlsPFXXekNNSw1R633Fp3b8pHLzAhmVpeUJnXSjtTlwVQN3enU1IVzYddtyktLeYPG2p4bCJI98= hcacker@parrot"
            ],
            "authorized_users": null,
            "backup_id": null,
            "backups": [
              {
                "available": false,
                "enabled": false,
                "schedule": [
                  {
                    "day": "",
                    "window": ""
                  }
                ]
              }
            ],
            "backups_enabled": false,
            "boot_config_label": "My Ubuntu 18.04 LTS Disk Profile",
            "booted": true,
            "config": [
              {
                "comments": "",
                "devices": [
                  {
                    "sda": [
                      {
                        "disk_id": 103293959,
                        "disk_label": "Ubuntu 18.04 LTS Disk",
                        "volume_id": 0
                      }
                    ],
                    "sdb": [
                      {
                        "disk_id": 103293960,
                        "disk_label": "512 MB Swap Image",
                        "volume_id": 0
                      }
                    ],
                    "sdc": [],
                    "sdd": [],
                    "sde": [],
                    "sdf": [],
                    "sdg": [],
                    "sdh": []
                  }
                ],
                "helpers": [
                  {
                    "devtmpfs_automount": true,
                    "distro": true,
                    "modules_dep": true,
                    "network": true,
                    "updatedb_disabled": true
                  }
                ],
                "interface": [],
                "kernel": "linode/grub2",
                "label": "My Ubuntu 18.04 LTS Disk Profile",
                "memory_limit": 0,
                "root_device": "/dev/sda",
                "run_level": "default",
                "virt_mode": "paravirt"
              }
            ],
            "disk": [
              {
                "authorized_keys": [],
                "authorized_users": [],
                "filesystem": "ext4",
                "id": 103293959,
                "image": "",
                "label": "Ubuntu 18.04 LTS Disk",
                "read_only": false,
                "root_pass": "",
                "size": 25088,
                "stackscript_data": {},
                "stackscript_id": 0
              },
              {
                "authorized_keys": [],
                "authorized_users": [],
                "filesystem": "swap",
                "id": 103293960,
                "image": "",
                "label": "512 MB Swap Image",
                "read_only": false,
                "root_pass": "",
                "size": 512,
                "stackscript_data": {},
                "stackscript_id": 0
              }
            ],
            "group": "portscanners",
            "has_user_data": false,
            "host_uuid": "bfe96c085a4b90efbe1f5aec7ae1342f5778f41a",
            "id": "52063698",
            "image": "linode/ubuntu18.04",
            "interface": [],
            "ip_address": "45.79.159.95",
            "ipv4": [
              "45.79.159.95"
            ],
            "ipv6": "2600:3c03::f03c:93ff:feb0:4ada/128",
            "label": "portscanners-0",
            "metadata": [],
            "private_ip": false,
            "private_ip_address": null,
            "region": "us-east",
            "resize_disk": false,
            "root_pass": "s8dIX/GvurtfTItLBO5A7XDsNGX8Oag+4m1XEgq/zLYoagPBpWPa/O20Jl2J+XqbarQsdHLIv5wmLFxGv/1yrA==",
            "shared_ipv4": [],
            "specs": [
              {
                "disk": 25600,
                "memory": 1024,
                "transfer": 1000,
                "vcpus": 1
              }
            ],
            "stackscript_data": null,
            "stackscript_id": null,
            "status": "running",
            "swap_size": 512,
            "tags": [
              "portscanners"
            ],
            "timeouts": null,
            "type": "g6-nanode-1",
            "watchdog_enabled": true
          },
          "sensitive_attributes": [
            [
              {
                "type": "get_attr",
                "value": "root_pass"
              }
            ],
            [
              {
                "type": "get_attr",
                "value": "authorized_keys"
              },
              {
                "type": "index",
                "value": {
                  "value": 0,
                  "type": "number"
                }
              }
            ]
          ],
          "private": "eyJlMmJmYjczMC1lY2FhLTExZTYtOGY4OC0zNDM2M2JjN2M0YzAiOnsiY3JlYXRlIjo5MDAwMDAwMDAwMDAsImRlbGV0ZSI6NjAwMDAwMDAwMDAwLCJ1cGRhdGUiOjE1MDAwMDAwMDAwMDB9fQ=="
        },
        {
          "index_key": 1,
          "schema_version": 0,
          "attributes": {
            "alerts": [
              {
                "cpu": 90,
                "io": 10000,
                "network_in": 10,
                "network_out": 10,
                "transfer_quota": 80
              }
            ],
            "authorized_keys": [
              "ssh-rsa AAAAB3NzaC1yc2EAAAADAQABAAABgQDNIBcXFyeB8/CIMQIoKqjryiP6T8ieh9kn/ePheQJ2rlaLqYFYhnybFujhW5rZNsi6AhZLaHydVJFK311XH9tXb3Qjp9I6DXt89Gx9mgRGp1GxB+eyRsU44onZ32Te+7hf92cTIozlmip/65Lx5roU/EbBIuXvxBfTxQ8uHQDYudUCfAIqWtYW9Mt6PLX47jWCf2PftMbVX1G+YHSJcCReqTKJBP+rny5E54ejKusMdBNdF8pV9L6AiYbx0KkNITF6G4rxs1/M9Kr4E8aijSg20oaQPoMAVJJ8OTnTyG90ZIUNdPLn4MWY+lzsaXR8vi9LP6BCOsYjbNixkipT03x58sOYbqP9AqGDurM3GnAffJ3u+B7cGiKcy2FGm9q4bp/JDi+SUiwvulUBNWCgDJln8ehBdnphgnHiTOV3/PBTt2fYpRe2tvJHhlsPFXXekNNSw1R633Fp3b8pHLzAhmVpeUJnXSjtTlwVQN3enU1IVzYddtyktLeYPG2p4bCJI98= hcacker@parrot"
            ],
            "authorized_users": null,
            "backup_id": null,
            "backups": [
              {
                "available": false,
                "enabled": false,
                "schedule": [
                  {
                    "day": "",
                    "window": ""
                  }
                ]
              }
            ],
            "backups_enabled": false,
            "boot_config_label": "My Ubuntu 18.04 LTS Disk Profile",
            "booted": true,
            "config": [
              {
                "comments": "",
                "devices": [
                  {
                    "sda": [
                      {
                        "disk_id": 103293963,
                        "disk_label": "Ubuntu 18.04 LTS Disk",
                        "volume_id": 0
                      }
                    ],
                    "sdb": [
                      {
                        "disk_id": 103293964,
                        "disk_label": "512 MB Swap Image",
                        "volume_id": 0
                      }
                    ],
                    "sdc": [],
                    "sdd": [],
                    "sde": [],
                    "sdf": [],
                    "sdg": [],
                    "sdh": []
                  }
                ],
                "helpers": [
                  {
                    "devtmpfs_automount": true,
                    "distro": true,
                    "modules_dep": true,
                    "network": true,
                    "updatedb_disabled": true
                  }
                ],
                "interface": [],
                "kernel": "linode/grub2",
                "label": "My Ubuntu 18.04 LTS Disk Profile",
                "memory_limit": 0,
                "root_device": "/dev/sda",
                "run_level": "default",
                "virt_mode": "paravirt"
              }
            ],
            "disk": [
              {
                "authorized_keys": [],
                "authorized_users": [],
                "filesystem": "ext4",
                "id": 103293963,
                "image": "",
                "label": "Ubuntu 18.04 LTS Disk",
                "read_only": false,
                "root_pass": "",
                "size": 25088,
                "stackscript_data": {},
                "stackscript_id": 0
              },
              {
                "authorized_keys": [],
                "authorized_users": [],
                "filesystem": "swap",
                "id": 103293964,
                "image": "",
                "label": "512 MB Swap Image",
                "read_only": false,
                "root_pass": "",
                "size": 512,
                "stackscript_data": {},
                "stackscript_id": 0
              }
            ],
            "group": "portscanners",
            "has_user_data": false,
            "host_uuid": "e4f99c6b0b188b50c6aec8ae4b7a9051287271e1",
            "id": "52063700",
            "image": "linode/ubuntu18.04",
            "interface": [],
            "ip_address": "45.79.159.135",
            "ipv4": [
              "45.79.159.135"
            ],
            "ipv6": "2600:3c03::f03c:93ff:feb0:4aa7/128",
            "label": "portscanners-1",
            "metadata": [],
            "private_ip": false,
            "private_ip_address": null,
            "region": "us-east",
            "resize_disk": false,
            "root_pass": "s8dIX/GvurtfTItLBO5A7XDsNGX8Oag+4m1XEgq/zLYoagPBpWPa/O20Jl2J+XqbarQsdHLIv5wmLFxGv/1yrA==",
            "shared_ipv4": [],
            "specs": [
              {
                "disk": 25600,
                "memory": 1024,
                "transfer": 1000,
                "vcpus": 1
              }
            ],
            "stackscript_data": null,
            "stackscript_id": null,
            "status": "running",
            "swap_size": 512,
            "tags": [
              "portscanners"
            ],
            "timeouts": null,
            "type": "g6-nanode-1",
            "watchdog_enabled": true
          },
          "sensitive_attributes": [
            [
              {
                "type": "get_attr",
                "value": "root_pass"
              }
            ],
            [
              {
                "type": "get_attr",
                "value": "authorized_keys"
              },
              {
                "type": "index",
                "value": {
                  "value": 0,
                  "type": "number"
                }
              }
            ]
          ],
          "private": "eyJlMmJmYjczMC1lY2FhLTExZTYtOGY4OC0zNDM2M2JjN2M0YzAiOnsiY3JlYXRlIjo5MDAwMDAwMDAwMDAsImRlbGV0ZSI6NjAwMDAwMDAwMDAwLCJ1cGRhdGUiOjE1MDAwMDAwMDAwMDB9fQ=="
        },
        {
          "index_key": 2,
          "schema_version": 0,
          "attributes": {
            "alerts": [
              {
                "cpu": 90,
                "io": 10000,
                "network_in": 10,
                "network_out": 10,
                "transfer_quota": 80
              }
            ],
            "authorized_keys": [
              "ssh-rsa AAAAB3NzaC1yc2EAAAADAQABAAABgQDNIBcXFyeB8/CIMQIoKqjryiP6T8ieh9kn/ePheQJ2rlaLqYFYhnybFujhW5rZNsi6AhZLaHydVJFK311XH9tXb3Qjp9I6DXt89Gx9mgRGp1GxB+eyRsU44onZ32Te+7hf92cTIozlmip/65Lx5roU/EbBIuXvxBfTxQ8uHQDYudUCfAIqWtYW9Mt6PLX47jWCf2PftMbVX1G+YHSJcCReqTKJBP+rny5E54ejKusMdBNdF8pV9L6AiYbx0KkNITF6G4rxs1/M9Kr4E8aijSg20oaQPoMAVJJ8OTnTyG90ZIUNdPLn4MWY+lzsaXR8vi9LP6BCOsYjbNixkipT03x58sOYbqP9AqGDurM3GnAffJ3u+B7cGiKcy2FGm9q4bp/JDi+SUiwvulUBNWCgDJln8ehBdnphgnHiTOV3/PBTt2fYpRe2tvJHhlsPFXXekNNSw1R633Fp3b8pHLzAhmVpeUJnXSjtTlwVQN3enU1IVzYddtyktLeYPG2p4bCJI98= hcacker@parrot"
            ],
            "authorized_users": null,
            "backup_id": null,
            "backups": [
              {
                "available": false,
                "enabled": false,
                "schedule": [
                  {
                    "day": "",
                    "window": ""
                  }
                ]
              }
            ],
            "backups_enabled": false,
            "boot_config_label": "My Ubuntu 18.04 LTS Disk Profile",
            "booted": true,
            "config": [
              {
                "comments": "",
                "devices": [
                  {
                    "sda": [
                      {
                        "disk_id": 103293971,
                        "disk_label": "Ubuntu 18.04 LTS Disk",
                        "volume_id": 0
                      }
                    ],
                    "sdb": [
                      {
                        "disk_id": 103293972,
                        "disk_label": "512 MB Swap Image",
                        "volume_id": 0
                      }
                    ],
                    "sdc": [],
                    "sdd": [],
                    "sde": [],
                    "sdf": [],
                    "sdg": [],
                    "sdh": []
                  }
                ],
                "helpers": [
                  {
                    "devtmpfs_automount": true,
                    "distro": true,
                    "modules_dep": true,
                    "network": true,
                    "updatedb_disabled": true
                  }
                ],
                "interface": [],
                "kernel": "linode/grub2",
                "label": "My Ubuntu 18.04 LTS Disk Profile",
                "memory_limit": 0,
                "root_device": "/dev/sda",
                "run_level": "default",
                "virt_mode": "paravirt"
              }
            ],
            "disk": [
              {
                "authorized_keys": [],
                "authorized_users": [],
                "filesystem": "ext4",
                "id": 103293971,
                "image": "",
                "label": "Ubuntu 18.04 LTS Disk",
                "read_only": false,
                "root_pass": "",
                "size": 25088,
                "stackscript_data": {},
                "stackscript_id": 0
              },
              {
                "authorized_keys": [],
                "authorized_users": [],
                "filesystem": "swap",
                "id": 103293972,
                "image": "",
                "label": "512 MB Swap Image",
                "read_only": false,
                "root_pass": "",
                "size": 512,
                "stackscript_data": {},
                "stackscript_id": 0
              }
            ],
            "group": "portscanners",
            "has_user_data": false,
            "host_uuid": "5778c802b2419208f6c47cad33ca8117ecf81dd5",
            "id": "52063704",
            "image": "linode/ubuntu18.04",
            "interface": [],
            "ip_address": "45.56.101.49",
            "ipv4": [
              "45.56.101.49"
            ],
            "ipv6": "2600:3c03::f03c:93ff:feb0:4a57/128",
            "label": "portscanners-2",
            "metadata": [],
            "private_ip": false,
            "private_ip_address": null,
            "region": "us-east",
            "resize_disk": false,
            "root_pass": "s8dIX/GvurtfTItLBO5A7XDsNGX8Oag+4m1XEgq/zLYoagPBpWPa/O20Jl2J+XqbarQsdHLIv5wmLFxGv/1yrA==",
            "shared_ipv4": [],
            "specs": [
              {
                "disk": 25600,
                "memory": 1024,
                "transfer": 1000,
                "vcpus": 1
              }
            ],
            "stackscript_data": null,
            "stackscript_id": null,
            "status": "running",
            "swap_size": 512,
            "tags": [
              "portscanners"
            ],
            "timeouts": null,
            "type": "g6-nanode-1",
            "watchdog_enabled": true
          },
          "sensitive_attributes": [
            [
              {
                "type": "get_attr",
                "value": "authorized_keys"
              },
              {
                "type": "index",
                "value": {
                  "value": 0,
                  "type": "number"
                }
              }
            ],
            [
              {
                "type": "get_attr",
                "value": "root_pass"
              }
            ]
          ],
          "private": "eyJlMmJmYjczMC1lY2FhLTExZTYtOGY4OC0zNDM2M2JjN2M0YzAiOnsiY3JlYXRlIjo5MDAwMDAwMDAwMDAsImRlbGV0ZSI6NjAwMDAwMDAwMDAwLCJ1cGRhdGUiOjE1MDAwMDAwMDAwMDB9fQ=="
        }
      ]
    }
  ],
  "check_results": null
}
